
Microsoft Visual Studio Solution File, Format Version 12.00
# Visual Studio Version 17
VisualStudioVersion = 17.2.32526.322
MinimumVisualStudioVersion = 10.0.40219.1
Project("{FAE04EC0-301F-11D3-BF4B-00C04F79EFBC}") = "Gungnir", "Gungnir.csproj", "{D85DB6E6-C4ED-4D3D-9590-0A40B8CE5774}"
EndProject
Global
	GlobalSection(SolutionConfigurationPlatforms) = preSolution
		Debug|Any CPU = Debug|Any CPU
		Release|Any CPU = Release|Any CPU
	EndGlobalSection
	GlobalSection(ProjectConfigurationPlatforms) = postSolution
		{D85DB6E6-C4ED-4D3D-9590-0A40B8CE5774}.Debug|Any CPU.ActiveCfg = Debug|Any CPU
		{D85DB6E6-C4ED-4D3D-9590-0A40B8CE5774}.Debug|Any CPU.Build.0 = Debug|Any CPU
		{D85DB6E6-C4ED-4D3D-9590-0A40B8CE5774}.Release|Any CPU.ActiveCfg = Release|Any CPU
		{D85DB6E6-C4ED-4D3D-9590-0A40B8CE5774}.Release|Any CPU.Build.0 = Release|Any CPU
	EndGlobalSection
	GlobalSection(SolutionProperties) = preSolution
		HideSolutionNode = FALSE
	EndGlobalSection
	GlobalSection(ExtensibilityGlobals) = postSolution
		SolutionGuid = {1CC9E016-647C-4480-8AE8-A69DFC7F6862}
	EndGlobalSection
EndGlobal
